
Microsoft Visual Studio Solution File, Format Version 12.00
# Visual Studio Version 16
VisualStudioVersion = 16.0.30517.126
MinimumVisualStudioVersion = 10.0.40219.1
Project("{9092AA53-FB77-4645-B42D-1CCCA6BD08BD}") = "Lab1", "Lab1\Lab1.njsproj", "{750A2E56-F0A2-49FB-9390-8474E2AD3546}"
EndProject
Project("{9092AA53-FB77-4645-B42D-1CCCA6BD08BD}") = "Lab2", "Lab2\Lab2.njsproj", "{8CD78E28-9207-4624-999C-28092DCAB0F3}"
EndProject
Global
	GlobalSection(SolutionConfigurationPlatforms) = preSolution
		Debug|Any CPU = Debug|Any CPU
		Release|Any CPU = Release|Any CPU
	EndGlobalSection
	GlobalSection(ProjectConfigurationPlatforms) = postSolution
		{750A2E56-F0A2-49FB-9390-8474E2AD3546}.Debug|Any CPU.ActiveCfg = Debug|Any CPU
		{750A2E56-F0A2-49FB-9390-8474E2AD3546}.Debug|Any CPU.Build.0 = Debug|Any CPU
		{750A2E56-F0A2-49FB-9390-8474E2AD3546}.Release|Any CPU.ActiveCfg = Release|Any CPU
		{750A2E56-F0A2-49FB-9390-8474E2AD3546}.Release|Any CPU.Build.0 = Release|Any CPU
		{8CD78E28-9207-4624-999C-28092DCAB0F3}.Debug|Any CPU.ActiveCfg = Debug|Any CPU
		{8CD78E28-9207-4624-999C-28092DCAB0F3}.Debug|Any CPU.Build.0 = Debug|Any CPU
		{8CD78E28-9207-4624-999C-28092DCAB0F3}.Release|Any CPU.ActiveCfg = Release|Any CPU
		{8CD78E28-9207-4624-999C-28092DCAB0F3}.Release|Any CPU.Build.0 = Release|Any CPU
	EndGlobalSection
	GlobalSection(SolutionProperties) = preSolution
		HideSolutionNode = FALSE
	EndGlobalSection
	GlobalSection(ExtensibilityGlobals) = postSolution
		SolutionGuid = {558617BA-C3E2-428E-A490-64538EDD6D78}
	EndGlobalSection
EndGlobal
